
Microsoft Visual Studio Solution File, Format Version 12.00
# Visual Studio Version 17
VisualStudioVersion = 17.14.36221.1 d17.14
MinimumVisualStudioVersion = 10.0.40219.1
Project("{FAE04EC0-301F-11D3-BF4B-00C04F79EFBC}") = "IT2ARocniProjekt", "IT2ARocniProjekt\IT2ARocniProjekt.csproj", "{72EE0276-35DF-41D7-9611-33757CBFAFFC}"
EndProject
Global
	GlobalSection(SolutionConfigurationPlatforms) = preSolution
		Debug|Any CPU = Debug|Any CPU
		Release|Any CPU = Release|Any CPU
	EndGlobalSection
	GlobalSection(ProjectConfigurationPlatforms) = postSolution
		{72EE0276-35DF-41D7-9611-33757CBFAFFC}.Debug|Any CPU.ActiveCfg = Debug|Any CPU
		{72EE0276-35DF-41D7-9611-33757CBFAFFC}.Debug|Any CPU.Build.0 = Debug|Any CPU
		{72EE0276-35DF-41D7-9611-33757CBFAFFC}.Release|Any CPU.ActiveCfg = Release|Any CPU
		{72EE0276-35DF-41D7-9611-33757CBFAFFC}.Release|Any CPU.Build.0 = Release|Any CPU
	EndGlobalSection
	GlobalSection(SolutionProperties) = preSolution
		HideSolutionNode = FALSE
	EndGlobalSection
	GlobalSection(ExtensibilityGlobals) = postSolution
		SolutionGuid = {9836AD09-9D1E-4198-9D51-84CA1537322F}
	EndGlobalSection
EndGlobal
